
Microsoft Visual Studio Solution File, Format Version 12.00
# Visual Studio Version 16
VisualStudioVersion = 16.0.32413.511
MinimumVisualStudioVersion = 10.0.40219.1
Project("{9A19103F-16F7-4668-BE54-9A1E7A4F7556}") = "Т01.HelloSoftUn", "Т01.HelloSoftUn\Т01.HelloSoftUn.csproj", "{708A4203-07C5-4C4F-9793-AD8EB36DB911}"
EndProject
Global
	GlobalSection(SolutionConfigurationPlatforms) = preSolution
		Debug|Any CPU = Debug|Any CPU
		Release|Any CPU = Release|Any CPU
	EndGlobalSection
	GlobalSection(ProjectConfigurationPlatforms) = postSolution
		{708A4203-07C5-4C4F-9793-AD8EB36DB911}.Debug|Any CPU.ActiveCfg = Debug|Any CPU
		{708A4203-07C5-4C4F-9793-AD8EB36DB911}.Debug|Any CPU.Build.0 = Debug|Any CPU
		{708A4203-07C5-4C4F-9793-AD8EB36DB911}.Release|Any CPU.ActiveCfg = Release|Any CPU
		{708A4203-07C5-4C4F-9793-AD8EB36DB911}.Release|Any CPU.Build.0 = Release|Any CPU
	EndGlobalSection
	GlobalSection(SolutionProperties) = preSolution
		HideSolutionNode = FALSE
	EndGlobalSection
	GlobalSection(ExtensibilityGlobals) = postSolution
		SolutionGuid = {4A3A00FC-153A-49E0-85FB-278D470AA223}
	EndGlobalSection
EndGlobal
